
Microsoft Visual Studio Solution File, Format Version 12.00
# Visual Studio 15
VisualStudioVersion = 15.0.28010.2019
MinimumVisualStudioVersion = 10.0.40219.1
Project("{FAE04EC0-301F-11D3-BF4B-00C04F79EFBC}") = "Intro opgave 1", "Intro opgave 1\Intro opgave 1.csproj", "{24107427-B2E4-45C5-B49B-8239231276E5}"
EndProject
Global
	GlobalSection(SolutionConfigurationPlatforms) = preSolution
		Debug|Any CPU = Debug|Any CPU
		Release|Any CPU = Release|Any CPU
	EndGlobalSection
	GlobalSection(ProjectConfigurationPlatforms) = postSolution
		{24107427-B2E4-45C5-B49B-8239231276E5}.Debug|Any CPU.ActiveCfg = Debug|Any CPU
		{24107427-B2E4-45C5-B49B-8239231276E5}.Debug|Any CPU.Build.0 = Debug|Any CPU
		{24107427-B2E4-45C5-B49B-8239231276E5}.Release|Any CPU.ActiveCfg = Release|Any CPU
		{24107427-B2E4-45C5-B49B-8239231276E5}.Release|Any CPU.Build.0 = Release|Any CPU
	EndGlobalSection
	GlobalSection(SolutionProperties) = preSolution
		HideSolutionNode = FALSE
	EndGlobalSection
	GlobalSection(ExtensibilityGlobals) = postSolution
		SolutionGuid = {E4E058D3-6263-4A7D-9079-98DCE0E752BE}
	EndGlobalSection
EndGlobal
